// !$*UTF8*$!
{
	archiveVersion = 1;
	classes = {
	};
	objectVersion = 46;
	objects = {

/* Begin PBXBuildFile section */
		1F35D1661A2B4A44005E2A4C /* AppDelegate.swift in Sources */ = {isa = PBXBuildFile; fileRef = 1F35D1651A2B4A44005E2A4C /* AppDelegate.swift */; };
		1F35D1681A2B4A44005E2A4C /* ViewController.swift in Sources */ = {isa = PBXBuildFile; fileRef = 1F35D1671A2B4A44005E2A4C /* ViewController.swift */; };
		1F35D16B1A2B4A44005E2A4C /* Main.storyboard in Resources */ = {isa = PBXBuildFile; fileRef = 1F35D1691A2B4A44005E2A4C /* Main.storyboard */; };
		1F35D16D1A2B4A44005E2A4C /* Images.xcassets in Resources */ = {isa = PBXBuildFile; fileRef = 1F35D16C1A2B4A44005E2A4C /* Images.xcassets */; };
		1F35D1701A2B4A44005E2A4C /* LaunchScreen.xib in Resources */ = {isa = PBXBuildFile; fileRef = 1F35D16E1A2B4A44005E2A4C /* LaunchScreen.xib */; };
		1F35D17C1A2B4A44005E2A4C /* CalculatorTests.swift in Sources */ = {isa = PBXBuildFile; fileRef = 1F35D17B1A2B4A44005E2A4C /* CalculatorTests.swift */; };
		1F35D18C1A2B4A64005E2A4C /* WatchKit.framework in Frameworks */ = {isa = PBXBuildFile; fileRef = 1F35D18B1A2B4A64005E2A4C /* WatchKit.framework */; };
		1F35D1911A2B4A64005E2A4C /* InterfaceController.swift in Sources */ = {isa = PBXBuildFile; fileRef = 1F35D1901A2B4A64005E2A4C /* InterfaceController.swift */; };
		1F35D1931A2B4A64005E2A4C /* Images.xcassets in Resources */ = {isa = PBXBuildFile; fileRef = 1F35D1921A2B4A64005E2A4C /* Images.xcassets */; };
		1F35D1971A2B4A64005E2A4C /* Calculator Watch App.app in Resources */ = {isa = PBXBuildFile; fileRef = 1F35D1961A2B4A64005E2A4C /* Calculator Watch App.app */; };
		1F35D19E1A2B4A64005E2A4C /* Interface.storyboard in Resources */ = {isa = PBXBuildFile; fileRef = 1F35D19D1A2B4A64005E2A4C /* Interface.storyboard */; };
		1F35D1A01A2B4A64005E2A4C /* Images.xcassets in Resources */ = {isa = PBXBuildFile; fileRef = 1F35D19F1A2B4A64005E2A4C /* Images.xcassets */; };
		1F35D1A31A2B4A64005E2A4C /* Calculator WatchKit Extension.appex in Embed App Extensions */ = {isa = PBXBuildFile; fileRef = 1F35D1891A2B4A64005E2A4C /* Calculator WatchKit Extension.appex */; settings = {ATTRIBUTES = (RemoveHeadersOnCopy, ); }; };
		1F35D1AC1A2B67B2005E2A4C /* Calc.swift in Sources */ = {isa = PBXBuildFile; fileRef = 1F35D1AB1A2B67B2005E2A4C /* Calc.swift */; };
/* End PBXBuildFile section */

/* Begin PBXContainerItemProxy section */
		1F35D1761A2B4A44005E2A4C /* PBXContainerItemProxy */ = {
			isa = PBXContainerItemProxy;
			containerPortal = 1F35D1581A2B4A43005E2A4C /* Project object */;
			proxyType = 1;
			remoteGlobalIDString = 1F35D15F1A2B4A43005E2A4C;
			remoteInfo = Calculator;
		};
		1F35D1981A2B4A64005E2A4C /* PBXContainerItemProxy */ = {
			isa = PBXContainerItemProxy;
			containerPortal = 1F35D1581A2B4A43005E2A4C /* Project object */;
			proxyType = 1;
			remoteGlobalIDString = 1F35D1951A2B4A64005E2A4C;
			remoteInfo = "Calculator Watch App";
		};
		1F35D1A11A2B4A64005E2A4C /* PBXContainerItemProxy */ = {
			isa = PBXContainerItemProxy;
			containerPortal = 1F35D1581A2B4A43005E2A4C /* Project object */;
			proxyType = 1;
			remoteGlobalIDString = 1F35D1881A2B4A64005E2A4C;
			remoteInfo = "Calculator WatchKit Extension";
		};
/* End PBXContainerItemProxy section */

/* Begin PBXCopyFilesBuildPhase section */
		1F35D1AA1A2B4A64005E2A4C /* Embed App Extensions */ = {
			isa = PBXCopyFilesBuildPhase;
			buildActionMask = 2147483647;
			dstPath = "";
			dstSubfolderSpec = 13;
			files = (
				1F35D1A31A2B4A64005E2A4C /* Calculator WatchKit Extension.appex in Embed App Extensions */,
			);
			name = "Embed App Extensions";
			runOnlyForDeploymentPostprocessing = 0;
		};
/* End PBXCopyFilesBuildPhase section */

/* Begin PBXFileReference section */
		1F35D1601A2B4A44005E2A4C /* Calculator.app */ = {isa = PBXFileReference; explicitFileType = wrapper.application; includeInIndex = 0; path = Calculator.app; sourceTree = BUILT_PRODUCTS_DIR; };
		1F35D1641A2B4A44005E2A4C /* Info.plist */ = {isa = PBXFileReference; lastKnownFileType = text.plist.xml; path = Info.plist; sourceTree = "<group>"; };
		1F35D1651A2B4A44005E2A4C /* AppDelegate.swift */ = {isa = PBXFileReference; lastKnownFileType = sourcecode.swift; path = AppDelegate.swift; sourceTree = "<group>"; };
		1F35D1671A2B4A44005E2A4C /* ViewController.swift */ = {isa = PBXFileReference; lastKnownFileType = sourcecode.swift; path = ViewController.swift; sourceTree = "<group>"; };
		1F35D16A1A2B4A44005E2A4C /* Base */ = {isa = PBXFileReference; lastKnownFileType = file.storyboard; name = Base; path = Base.lproj/Main.storyboard; sourceTree = "<group>"; };
		1F35D16C1A2B4A44005E2A4C /* Images.xcassets */ = {isa = PBXFileReference; lastKnownFileType = folder.assetcatalog; path = Images.xcassets; sourceTree = "<group>"; };
		1F35D16F1A2B4A44005E2A4C /* Base */ = {isa = PBXFileReference; lastKnownFileType = file.xib; name = Base; path = Base.lproj/LaunchScreen.xib; sourceTree = "<group>"; };
		1F35D1751A2B4A44005E2A4C /* CalculatorTests.xctest */ = {isa = PBXFileReference; explicitFileType = wrapper.cfbundle; includeInIndex = 0; path = CalculatorTests.xctest; sourceTree = BUILT_PRODUCTS_DIR; };
		1F35D17A1A2B4A44005E2A4C /* Info.plist */ = {isa = PBXFileReference; lastKnownFileType = text.plist.xml; path = Info.plist; sourceTree = "<group>"; };
		1F35D17B1A2B4A44005E2A4C /* CalculatorTests.swift */ = {isa = PBXFileReference; lastKnownFileType = sourcecode.swift; path = CalculatorTests.swift; sourceTree = "<group>"; };
		1F35D1891A2B4A64005E2A4C /* Calculator WatchKit Extension.appex */ = {isa = PBXFileReference; explicitFileType = "wrapper.app-extension"; includeInIndex = 0; path = "Calculator WatchKit Extension.appex"; sourceTree = BUILT_PRODUCTS_DIR; };
		1F35D18B1A2B4A64005E2A4C /* WatchKit.framework */ = {isa = PBXFileReference; lastKnownFileType = wrapper.framework; name = WatchKit.framework; path = System/Library/Frameworks/WatchKit.framework; sourceTree = SDKROOT; };
		1F35D18F1A2B4A64005E2A4C /* Info.plist */ = {isa = PBXFileReference; lastKnownFileType = text.plist.xml; path = Info.plist; sourceTree = "<group>"; };
		1F35D1901A2B4A64005E2A4C /* InterfaceController.swift */ = {isa = PBXFileReference; lastKnownFileType = sourcecode.swift; path = InterfaceController.swift; sourceTree = "<group>"; };
		1F35D1921A2B4A64005E2A4C /* Images.xcassets */ = {isa = PBXFileReference; lastKnownFileType = folder.assetcatalog; path = Images.xcassets; sourceTree = "<group>"; };
		1F35D1961A2B4A64005E2A4C /* Calculator Watch App.app */ = {isa = PBXFileReference; explicitFileType = wrapper.application; includeInIndex = 0; path = "Calculator Watch App.app"; sourceTree = BUILT_PRODUCTS_DIR; };
		1F35D19C1A2B4A64005E2A4C /* Info.plist */ = {isa = PBXFileReference; lastKnownFileType = text.plist.xml; path = Info.plist; sourceTree = "<group>"; };
		1F35D19D1A2B4A64005E2A4C /* Interface.storyboard */ = {isa = PBXFileReference; lastKnownFileType = file.storyboard; path = Interface.storyboard; sourceTree = "<group>"; };
		1F35D19F1A2B4A64005E2A4C /* Images.xcassets */ = {isa = PBXFileReference; lastKnownFileType = folder.assetcatalog; path = Images.xcassets; sourceTree = "<group>"; };
		1F35D1AB1A2B67B2005E2A4C /* Calc.swift */ = {isa = PBXFileReference; fileEncoding = 4; lastKnownFileType = sourcecode.swift; path = Calc.swift; sourceTree = "<group>"; };
/* End PBXFileReference section */

/* Begin PBXFrameworksBuildPhase section */
		1F35D15D1A2B4A43005E2A4C /* Frameworks */ = {
			isa = PBXFrameworksBuildPhase;
			buildActionMask = 2147483647;
			files = (
			);
			runOnlyForDeploymentPostprocessing = 0;
		};
		1F35D1721A2B4A44005E2A4C /* Frameworks */ = {
			isa = PBXFrameworksBuildPhase;
			buildActionMask = 2147483647;
			files = (
			);
			runOnlyForDeploymentPostprocessing = 0;
		};
		1F35D1861A2B4A64005E2A4C /* Frameworks */ = {
			isa = PBXFrameworksBuildPhase;
			buildActionMask = 2147483647;
			files = (
				1F35D18C1A2B4A64005E2A4C /* WatchKit.framework in Frameworks */,
			);
			runOnlyForDeploymentPostprocessing = 0;
		};
/* End PBXFrameworksBuildPhase section */

/* Begin PBXGroup section */
		1F35D1571A2B4A43005E2A4C = {
			isa = PBXGroup;
			children = (
				1F35D1621A2B4A44005E2A4C /* Calculator */,
				1F35D1781A2B4A44005E2A4C /* CalculatorTests */,
				1F35D18D1A2B4A64005E2A4C /* Calculator WatchKit Extension */,
				1F35D19A1A2B4A64005E2A4C /* Calculator Watch App */,
				1F35D18A1A2B4A64005E2A4C /* Frameworks */,
				1F35D1611A2B4A44005E2A4C /* Products */,
			);
			sourceTree = "<group>";
		};
		1F35D1611A2B4A44005E2A4C /* Products */ = {
			isa = PBXGroup;
			children = (
				1F35D1601A2B4A44005E2A4C /* Calculator.app */,
				1F35D1751A2B4A44005E2A4C /* CalculatorTests.xctest */,
				1F35D1891A2B4A64005E2A4C /* Calculator WatchKit Extension.appex */,
				1F35D1961A2B4A64005E2A4C /* Calculator Watch App.app */,
			);
			name = Products;
			sourceTree = "<group>";
		};
		1F35D1621A2B4A44005E2A4C /* Calculator */ = {
			isa = PBXGroup;
			children = (
				1F35D1651A2B4A44005E2A4C /* AppDelegate.swift */,
				1F35D1671A2B4A44005E2A4C /* ViewController.swift */,
				1F35D1691A2B4A44005E2A4C /* Main.storyboard */,
				1F35D16C1A2B4A44005E2A4C /* Images.xcassets */,
				1F35D16E1A2B4A44005E2A4C /* LaunchScreen.xib */,
				1F35D1631A2B4A44005E2A4C /* Supporting Files */,
			);
			path = Calculator;
			sourceTree = "<group>";
		};
		1F35D1631A2B4A44005E2A4C /* Supporting Files */ = {
			isa = PBXGroup;
			children = (
				1F35D1641A2B4A44005E2A4C /* Info.plist */,
			);
			name = "Supporting Files";
			sourceTree = "<group>";
		};
		1F35D1781A2B4A44005E2A4C /* CalculatorTests */ = {
			isa = PBXGroup;
			children = (
				1F35D17B1A2B4A44005E2A4C /* CalculatorTests.swift */,
				1F35D1791A2B4A44005E2A4C /* Supporting Files */,
			);
			path = CalculatorTests;
			sourceTree = "<group>";
		};
		1F35D1791A2B4A44005E2A4C /* Supporting Files */ = {
			isa = PBXGroup;
			children = (
				1F35D17A1A2B4A44005E2A4C /* Info.plist */,
			);
			name = "Supporting Files";
			sourceTree = "<group>";
		};
		1F35D18A1A2B4A64005E2A4C /* Frameworks */ = {
			isa = PBXGroup;
			children = (
				1F35D18B1A2B4A64005E2A4C /* WatchKit.framework */,
			);
			name = Frameworks;
			sourceTree = "<group>";
		};
		1F35D18D1A2B4A64005E2A4C /* Calculator WatchKit Extension */ = {
			isa = PBXGroup;
			children = (
				1F35D1AB1A2B67B2005E2A4C /* Calc.swift */,
				1F35D1901A2B4A64005E2A4C /* InterfaceController.swift */,
				1F35D1921A2B4A64005E2A4C /* Images.xcassets */,
				1F35D18E1A2B4A64005E2A4C /* Supporting Files */,
			);
			path = "Calculator WatchKit Extension";
			sourceTree = "<group>";
		};
		1F35D18E1A2B4A64005E2A4C /* Supporting Files */ = {
			isa = PBXGroup;
			children = (
				1F35D18F1A2B4A64005E2A4C /* Info.plist */,
			);
			name = "Supporting Files";
			sourceTree = "<group>";
		};
		1F35D19A1A2B4A64005E2A4C /* Calculator Watch App */ = {
			isa = PBXGroup;
			children = (
				1F35D19D1A2B4A64005E2A4C /* Interface.storyboard */,
				1F35D19F1A2B4A64005E2A4C /* Images.xcassets */,
				1F35D19B1A2B4A64005E2A4C /* Supporting Files */,
			);
			path = "Calculator Watch App";
			sourceTree = "<group>";
		};
		1F35D19B1A2B4A64005E2A4C /* Supporting Files */ = {
			isa = PBXGroup;
			children = (
				1F35D19C1A2B4A64005E2A4C /* Info.plist */,
			);
			name = "Supporting Files";
			sourceTree = "<group>";
		};
/* End PBXGroup section */

/* Begin PBXNativeTarget section */
		1F35D15F1A2B4A43005E2A4C /* Calculator */ = {
			isa = PBXNativeTarget;
			buildConfigurationList = 1F35D17F1A2B4A44005E2A4C /* Build configuration list for PBXNativeTarget "Calculator" */;
			buildPhases = (
				1F35D15C1A2B4A43005E2A4C /* Sources */,
				1F35D15D1A2B4A43005E2A4C /* Frameworks */,
				1F35D15E1A2B4A43005E2A4C /* Resources */,
				1F35D1AA1A2B4A64005E2A4C /* Embed App Extensions */,
			);
			buildRules = (
			);
			dependencies = (
				1F35D1A21A2B4A64005E2A4C /* PBXTargetDependency */,
			);
			name = Calculator;
			productName = Calculator;
			productReference = 1F35D1601A2B4A44005E2A4C /* Calculator.app */;
			productType = "com.apple.product-type.application";
		};
		1F35D1741A2B4A44005E2A4C /* CalculatorTests */ = {
			isa = PBXNativeTarget;
			buildConfigurationList = 1F35D1821A2B4A44005E2A4C /* Build configuration list for PBXNativeTarget "CalculatorTests" */;
			buildPhases = (
				1F35D1711A2B4A44005E2A4C /* Sources */,
				1F35D1721A2B4A44005E2A4C /* Frameworks */,
				1F35D1731A2B4A44005E2A4C /* Resources */,
			);
			buildRules = (
			);
			dependencies = (
				1F35D1771A2B4A44005E2A4C /* PBXTargetDependency */,
			);
			name = CalculatorTests;
			productName = CalculatorTests;
			productReference = 1F35D1751A2B4A44005E2A4C /* CalculatorTests.xctest */;
			productType = "com.apple.product-type.bundle.unit-test";
		};
		1F35D1881A2B4A64005E2A4C /* Calculator WatchKit Extension */ = {
			isa = PBXNativeTarget;
			buildConfigurationList = 1F35D1A71A2B4A64005E2A4C /* Build configuration list for PBXNativeTarget "Calculator WatchKit Extension" */;
			buildPhases = (
				1F35D1851A2B4A64005E2A4C /* Sources */,
				1F35D1861A2B4A64005E2A4C /* Frameworks */,
				1F35D1871A2B4A64005E2A4C /* Resources */,
			);
			buildRules = (
			);
			dependencies = (
				1F35D1991A2B4A64005E2A4C /* PBXTargetDependency */,
			);
			name = "Calculator WatchKit Extension";
			productName = "Calculator WatchKit Extension";
			productReference = 1F35D1891A2B4A64005E2A4C /* Calculator WatchKit Extension.appex */;
			productType = "com.apple.product-type.watchkit-extension";
		};
		1F35D1951A2B4A64005E2A4C /* Calculator Watch App */ = {
			isa = PBXNativeTarget;
			buildConfigurationList = 1F35D1A41A2B4A64005E2A4C /* Build configuration list for PBXNativeTarget "Calculator Watch App" */;
			buildPhases = (
				1F35D1941A2B4A64005E2A4C /* Resources */,
			);
			buildRules = (
			);
			dependencies = (
			);
			name = "Calculator Watch App";
			productName = "Calculator Watch App";
			productReference = 1F35D1961A2B4A64005E2A4C /* Calculator Watch App.app */;
			productType = "com.apple.product-type.application.watchapp";
		};
/* End PBXNativeTarget section */

/* Begin PBXProject section */
		1F35D1581A2B4A43005E2A4C /* Project object */ = {
			isa = PBXProject;
			attributes = {
				LastUpgradeCheck = 0620;
				ORGANIZATIONNAME = guanshanliu;
				TargetAttributes = {
					1F35D15F1A2B4A43005E2A4C = {
						CreatedOnToolsVersion = 6.2;
					};
					1F35D1741A2B4A44005E2A4C = {
						CreatedOnToolsVersion = 6.2;
						TestTargetID = 1F35D15F1A2B4A43005E2A4C;
					};
					1F35D1881A2B4A64005E2A4C = {
						CreatedOnToolsVersion = 6.2;
					};
					1F35D1951A2B4A64005E2A4C = {
						CreatedOnToolsVersion = 6.2;
					};
				};
			};
			buildConfigurationList = 1F35D15B1A2B4A43005E2A4C /* Build configuration list for PBXProject "Calculator" */;
			compatibilityVersion = "Xcode 3.2";
			developmentRegion = English;
			hasScannedForEncodings = 0;
			knownRegions = (
				en,
				Base,
			);
			mainGroup = 1F35D1571A2B4A43005E2A4C;
			productRefGroup = 1F35D1611A2B4A44005E2A4C /* Products */;
			projectDirPath = "";
			projectRoot = "";
			targets = (
				1F35D15F1A2B4A43005E2A4C /* Calculator */,
				1F35D1741A2B4A44005E2A4C /* CalculatorTests */,
				1F35D1881A2B4A64005E2A4C /* Calculator WatchKit Extension */,
				1F35D1951A2B4A64005E2A4C /* Calculator Watch App */,
			);
		};
/* End PBXProject section */

/* Begin PBXResourcesBuildPhase section */
		1F35D15E1A2B4A43005E2A4C /* Resources */ = {
			isa = PBXResourcesBuildPhase;
			buildActionMask = 2147483647;
			files = (
				1F35D16B1A2B4A44005E2A4C /* Main.storyboard in Resources */,
				1F35D1701A2B4A44005E2A4C /* LaunchScreen.xib in Resources */,
				1F35D16D1A2B4A44005E2A4C /* Images.xcassets in Resources */,
			);
			runOnlyForDeploymentPostprocessing = 0;
		};
		1F35D1731A2B4A44005E2A4C /* Resources */ = {
			isa = PBXResourcesBuildPhase;
			buildActionMask = 2147483647;
			files = (
			);
			runOnlyForDeploymentPostprocessing = 0;
		};
		1F35D1871A2B4A64005E2A4C /* Resources */ = {
			isa = PBXResourcesBuildPhase;
			buildActionMask = 2147483647;
			files = (
				1F35D1931A2B4A64005E2A4C /* Images.xcassets in Resources */,
				1F35D1971A2B4A64005E2A4C /* Calculator Watch App.app in Resources */,
			);
			runOnlyForDeploymentPostprocessing = 0;
		};
		1F35D1941A2B4A64005E2A4C /* Resources */ = {
			isa = PBXResourcesBuildPhase;
			buildActionMask = 2147483647;
			files = (
				1F35D19E1A2B4A64005E2A4C /* Interface.storyboard in Resources */,
				1F35D1A01A2B4A64005E2A4C /* Images.xcassets in Resources */,
			);
			runOnlyForDeploymentPostprocessing = 0;
		};
/* End PBXResourcesBuildPhase section */

/* Begin PBXSourcesBuildPhase section */
		1F35D15C1A2B4A43005E2A4C /* Sources */ = {
			isa = PBXSourcesBuildPhase;
			buildActionMask = 2147483647;
			files = (
				1F35D1681A2B4A44005E2A4C /* ViewController.swift in Sources */,
				1F35D1661A2B4A44005E2A4C /* AppDelegate.swift in Sources */,
			);
			runOnlyForDeploymentPostprocessing = 0;
		};
		1F35D1711A2B4A44005E2A4C /* Sources */ = {
			isa = PBXSourcesBuildPhase;
			buildActionMask = 2147483647;
			files = (
				1F35D17C1A2B4A44005E2A4C /* CalculatorTests.swift in Sources */,
			);
			runOnlyForDeploymentPostprocessing = 0;
		};
		1F35D1851A2B4A64005E2A4C /* Sources */ = {
			isa = PBXSourcesBuildPhase;
			buildActionMask = 2147483647;
			files = (
				1F35D1AC1A2B67B2005E2A4C /* Calc.swift in Sources */,
				1F35D1911A2B4A64005E2A4C /* InterfaceController.swift in Sources */,
			);
			runOnlyForDeploymentPostprocessing = 0;
		};
/* End PBXSourcesBuildPhase section */

/* Begin PBXTargetDependency section */
		1F35D1771A2B4A44005E2A4C /* PBXTargetDependency */ = {
			isa = PBXTargetDependency;
			target = 1F35D15F1A2B4A43005E2A4C /* Calculator */;
			targetProxy = 1F35D1761A2B4A44005E2A4C /* PBXContainerItemProxy */;
		};
		1F35D1991A2B4A64005E2A4C /* PBXTargetDependency */ = {
			isa = PBXTargetDependency;
			target = 1F35D1951A2B4A64005E2A4C /* Calculator Watch App */;
			targetProxy = 1F35D1981A2B4A64005E2A4C /* PBXContainerItemProxy */;
		};
		1F35D1A21A2B4A64005E2A4C /* PBXTargetDependency */ = {
			isa = PBXTargetDependency;
			target = 1F35D1881A2B4A64005E2A4C /* Calculator WatchKit Extension */;
			targetProxy = 1F35D1A11A2B4A64005E2A4C /* PBXContainerItemProxy */;
		};
/* End PBXTargetDependency section */

/* Begin PBXVariantGroup section */
		1F35D1691A2B4A44005E2A4C /* Main.storyboard */ = {
			isa = PBXVariantGroup;
			children = (
				1F35D16A1A2B4A44005E2A4C /* Base */,
			);
			name = Main.storyboard;
			sourceTree = "<group>";
		};
		1F35D16E1A2B4A44005E2A4C /* LaunchScreen.xib */ = {
			isa = PBXVariantGroup;
			children = (
				1F35D16F1A2B4A44005E2A4C /* Base */,
			);
			name = LaunchScreen.xib;
			sourceTree = "<group>";
		};
/* End PBXVariantGroup section */

/* Begin XCBuildConfiguration section */
		1F35D17D1A2B4A44005E2A4C /* Debug */ = {
			isa = XCBuildConfiguration;
			buildSettings = {
				ALWAYS_SEARCH_USER_PATHS = NO;
				CLANG_CXX_LANGUAGE_STANDARD = "gnu++0x";
				CLANG_CXX_LIBRARY = "libc++";
				CLANG_ENABLE_MODULES = YES;
				CLANG_ENABLE_OBJC_ARC = YES;
				CLANG_WARN_BOOL_CONVERSION = YES;
				CLANG_WARN_CONSTANT_CONVERSION = YES;
				CLANG_WARN_DIRECT_OBJC_ISA_USAGE = YES_ERROR;
				CLANG_WARN_EMPTY_BODY = YES;
				CLANG_WARN_ENUM_CONVERSION = YES;
				CLANG_WARN_INT_CONVERSION = YES;
				CLANG_WARN_OBJC_ROOT_CLASS = YES_ERROR;
				CLANG_WARN_UNREACHABLE_CODE = YES;
				CLANG_WARN__DUPLICATE_METHOD_MATCH = YES;
				"CODE_SIGN_IDENTITY[sdk=iphoneos*]" = "iPhone Developer";
				COPY_PHASE_STRIP = NO;
				ENABLE_STRICT_OBJC_MSGSEND = YES;
				GCC_C_LANGUAGE_STANDARD = gnu99;
				GCC_DYNAMIC_NO_PIC = NO;
				GCC_OPTIMIZATION_LEVEL = 0;
				GCC_PREPROCESSOR_DEFINITIONS = (
					"DEBUG=1",
					"$(inherited)",
				);
				GCC_SYMBOLS_PRIVATE_EXTERN = NO;
				GCC_WARN_64_TO_32_BIT_CONVERSION = YES;
				GCC_WARN_ABOUT_RETURN_TYPE = YES_ERROR;
				GCC_WARN_UNDECLARED_SELECTOR = YES;
				GCC_WARN_UNINITIALIZED_AUTOS = YES_AGGRESSIVE;
				GCC_WARN_UNUSED_FUNCTION = YES;
				GCC_WARN_UNUSED_VARIABLE = YES;
				IPHONEOS_DEPLOYMENT_TARGET = 8.2;
				MTL_ENABLE_DEBUG_INFO = YES;
				ONLY_ACTIVE_ARCH = YES;
				SDKROOT = iphoneos;
				SWIFT_OPTIMIZATION_LEVEL = "-Onone";
				TARGETED_DEVICE_FAMILY = "1,2";
			};
			name = Debug;
		};
		1F35D17E1A2B4A44005E2A4C /* Release */ = {
			isa = XCBuildConfiguration;
			buildSettings = {
				ALWAYS_SEARCH_USER_PATHS = NO;
				CLANG_CXX_LANGUAGE_STANDARD = "gnu++0x";
				CLANG_CXX_LIBRARY = "libc++";
				CLANG_ENABLE_MODULES = YES;
				CLANG_ENABLE_OBJC_ARC = YES;
				CLANG_WARN_BOOL_CONVERSION = YES;
				CLANG_WARN_CONSTANT_CONVERSION = YES;
				CLANG_WARN_DIRECT_OBJC_ISA_USAGE = YES_ERROR;
				CLANG_WARN_EMPTY_BODY = YES;
				CLANG_WARN_ENUM_CONVERSION = YES;
				CLANG_WARN_INT_CONVERSION = YES;
				CLANG_WARN_OBJC_ROOT_CLASS = YES_ERROR;
				CLANG_WARN_UNREACHABLE_CODE = YES;
				CLANG_WARN__DUPLICATE_METHOD_MATCH = YES;
				"CODE_SIGN_IDENTITY[sdk=iphoneos*]" = "iPhone Developer";
				COPY_PHASE_STRIP = YES;
				ENABLE_NS_ASSERTIONS = NO;
				ENABLE_STRICT_OBJC_MSGSEND = YES;
				GCC_C_LANGUAGE_STANDARD = gnu99;
				GCC_WARN_64_TO_32_BIT_CONVERSION = YES;
				GCC_WARN_ABOUT_RETURN_TYPE = YES_ERROR;
				GCC_WARN_UNDECLARED_SELECTOR = YES;
				GCC_WARN_UNINITIALIZED_AUTOS = YES_AGGRESSIVE;
				GCC_WARN_UNUSED_FUNCTION = YES;
				GCC_WARN_UNUSED_VARIABLE = YES;
				IPHONEOS_DEPLOYMENT_TARGET = 8.2;
				MTL_ENABLE_DEBUG_INFO = NO;
				SDKROOT = iphoneos;
				TARGETED_DEVICE_FAMILY = "1,2";
				VALIDATE_PRODUCT = YES;
			};
			name = Release;
		};
		1F35D1801A2B4A44005E2A4C /* Debug */ = {
			isa = XCBuildConfiguration;
			buildSettings = {
				ASSETCATALOG_COMPILER_APPICON_NAME = AppIcon;
				EMBEDDED_CONTENT_CONTAINS_SWIFT = YES;
				INFOPLIST_FILE = Calculator/Info.plist;
				LD_RUNPATH_SEARCH_PATHS = "$(inherited) @executable_path/Frameworks";
				PRODUCT_NAME = "$(TARGET_NAME)";
			};
			name = Debug;
		};
		1F35D1811A2B4A44005E2A4C /* Release */ = {
			isa = XCBuildConfiguration;
			buildSettings = {
				ASSETCATALOG_COMPILER_APPICON_NAME = AppIcon;
				EMBEDDED_CONTENT_CONTAINS_SWIFT = YES;
				INFOPLIST_FILE = Calculator/Info.plist;
				LD_RUNPATH_SEARCH_PATHS = "$(inherited) @executable_path/Frameworks";
				PRODUCT_NAME = "$(TARGET_NAME)";
			};
			name = Release;
		};
		1F35D1831A2B4A44005E2A4C /* Debug */ = {
			isa = XCBuildConfiguration;
			buildSettings = {
				BUNDLE_LOADER = "$(TEST_HOST)";
				FRAMEWORK_SEARCH_PATHS = (
					"$(SDKROOT)/Developer/Library/Frameworks",
					"$(inherited)",
				);
				GCC_PREPROCESSOR_DEFINITIONS = (
					"DEBUG=1",
					"$(inherited)",
				);
				INFOPLIST_FILE = CalculatorTests/Info.plist;
				LD_RUNPATH_SEARCH_PATHS = "$(inherited) @executable_path/Frameworks @loader_path/Frameworks";
				PRODUCT_NAME = "$(TARGET_NAME)";
				TEST_HOST = "$(BUILT_PRODUCTS_DIR)/Calculator.app/Calculator";
			};
			name = Debug;
		};
		1F35D1841A2B4A44005E2A4C /* Release */ = {
			isa = XCBuildConfiguration;
			buildSettings = {
				BUNDLE_LOADER = "$(TEST_HOST)";
				FRAMEWORK_SEARCH_PATHS = (
					"$(SDKROOT)/Developer/Library/Frameworks",
					"$(inherited)",
				);
				INFOPLIST_FILE = CalculatorTests/Info.plist;
				LD_RUNPATH_SEARCH_PATHS = "$(inherited) @executable_path/Frameworks @loader_path/Frameworks";
				PRODUCT_NAME = "$(TARGET_NAME)";
				TEST_HOST = "$(BUILT_PRODUCTS_DIR)/Calculator.app/Calculator";
			};
			name = Release;
		};
		1F35D1A51A2B4A64005E2A4C /* Debug */ = {
			isa = XCBuildConfiguration;
			buildSettings = {
				ASSETCATALOG_COMPILER_APPICON_NAME = AppIcon;
				ASSETCATALOG_COMPILER_LAUNCHIMAGE_NAME = LaunchImage;
				GCC_PREPROCESSOR_DEFINITIONS = (
					"DEBUG=1",
					"$(inherited)",
				);
				IBSC_MODULE = Calculator_WatchKit_Extension;
				INFOPLIST_FILE = "Calculator Watch App/Info.plist";
				PRODUCT_NAME = "$(TARGET_NAME)";
				SKIP_INSTALL = YES;
				TARGETED_DEVICE_FAMILY = 4;
				"TARGETED_DEVICE_FAMILY[sdk=iphonesimulator*]" = "1,4";
			};
			name = Debug;
		};
		1F35D1A61A2B4A64005E2A4C /* Release */ = {
			isa = XCBuildConfiguration;
			buildSettings = {
				ASSETCATALOG_COMPILER_APPICON_NAME = AppIcon;
				ASSETCATALOG_COMPILER_LAUNCHIMAGE_NAME = LaunchImage;
				IBSC_MODULE = Calculator_WatchKit_Extension;
				INFOPLIST_FILE = "Calculator Watch App/Info.plist";
				PRODUCT_NAME = "$(TARGET_NAME)";
				SKIP_INSTALL = YES;
				TARGETED_DEVICE_FAMILY = 4;
				"TARGETED_DEVICE_FAMILY[sdk=iphonesimulator*]" = "1,4";
			};
			name = Release;
		};
		1F35D1A81A2B4A64005E2A4C /* Debug */ = {
			isa = XCBuildConfiguration;
			buildSettings = {
				GCC_PREPROCESSOR_DEFINITIONS = (
					"DEBUG=1",
					"$(inherited)",
				);
				INFOPLIST_FILE = "Calculator WatchKit Extension/Info.plist";
				LD_RUNPATH_SEARCH_PATHS = "$(inherited) @executable_path/Frameworks @executable_path/../../Frameworks";
				PRODUCT_NAME = "${TARGET_NAME}";
				SKIP_INSTALL = YES;
			};
			name = Debug;
		};
		1F35D1A91A2B4A64005E2A4C /* Release */ = {
			isa = XCBuildConfiguration;
			buildSettings = {
				INFOPLIST_FILE = "Calculator WatchKit Extension/Info.plist";
				LD_RUNPATH_SEARCH_PATHS = "$(inherited) @executable_path/Frameworks @executable_path/../../Frameworks";
				PRODUCT_NAME = "${TARGET_NAME}";
				SKIP_INSTALL = YES;
			};
			name = Release;
		};
/* End XCBuildConfiguration section */

/* Begin XCConfigurationList section */
		1F35D15B1A2B4A43005E2A4C /* Build configuration list for PBXProject "Calculator" */ = {
			isa = XCConfigurationList;
			buildConfigurations = (
				1F35D17D1A2B4A44005E2A4C /* Debug */,
				1F35D17E1A2B4A44005E2A4C /* Release */,
			);
			defaultConfigurationIsVisible = 0;
			defaultConfigurationName = Release;
		};
		1F35D17F1A2B4A44005E2A4C /* Build configuration list for PBXNativeTarget "Calculator" */ = {
			isa = XCConfigurationList;
			buildConfigurations = (
				1F35D1801A2B4A44005E2A4C /* Debug */,
				1F35D1811A2B4A44005E2A4C /* Release */,
			);
			defaultConfigurationIsVisible = 0;
			defaultConfigurationName = Release;
		};
		1F35D1821A2B4A44005E2A4C /* Build configuration list for PBXNativeTarget "CalculatorTests" */ = {
			isa = XCConfigurationList;
			buildConfigurations = (
				1F35D1831A2B4A44005E2A4C /* Debug */,
				1F35D1841A2B4A44005E2A4C /* Release */,
			);
			defaultConfigurationIsVisible = 0;
			defaultConfigurationName = Release;
		};
		1F35D1A41A2B4A64005E2A4C /* Build configuration list for PBXNativeTarget "Calculator Watch App" */ = {
			isa = XCConfigurationList;
			buildConfigurations = (
				1F35D1A51A2B4A64005E2A4C /* Debug */,
				1F35D1A61A2B4A64005E2A4C /* Release */,
			);
			defaultConfigurationIsVisible = 0;
			defaultConfigurationName = Release;
		};
		1F35D1A71A2B4A64005E2A4C /* Build configuration list for PBXNativeTarget "Calculator WatchKit Extension" */ = {
			isa = XCConfigurationList;
			buildConfigurations = (
				1F35D1A81A2B4A64005E2A4C /* Debug */,
				1F35D1A91A2B4A64005E2A4C /* Release */,
			);
			defaultConfigurationIsVisible = 0;
			defaultConfigurationName = Release;
		};
/* End XCConfigurationList section */
	};
	rootObject = 1F35D1581A2B4A43005E2A4C /* Project object */;
}
